
Microsoft Visual Studio Solution File, Format Version 12.00
# Visual Studio Version 17
VisualStudioVersion = 17.5.33502.453
MinimumVisualStudioVersion = 10.0.40219.1
Project("{9A19103F-16F7-4668-BE54-9A1E7A4F7556}") = "WebApplication6", "WebApplication6.csproj", "{5ADA6F6F-EAAB-44A6-842A-AF70170146BF}"
EndProject
Project("{FAE04EC0-301F-11D3-BF4B-00C04F79EFBC}") = "WebApplication7", "..\WebApplication7\WebApplication7.csproj", "{7A1C01DE-BD33-4792-B2C3-61B1EF4320B4}"
EndProject
Project("{FAE04EC0-301F-11D3-BF4B-00C04F79EFBC}") = "WebApplication8", "..\WebApplication8\WebApplication8.csproj", "{1F936B24-538A-4FA9-A3B7-A73BF8B09469}"
EndProject
Global
	GlobalSection(SolutionConfigurationPlatforms) = preSolution
		Debug|Any CPU = Debug|Any CPU
		Release|Any CPU = Release|Any CPU
	EndGlobalSection
	GlobalSection(ProjectConfigurationPlatforms) = postSolution
		{5ADA6F6F-EAAB-44A6-842A-AF70170146BF}.Debug|Any CPU.ActiveCfg = Debug|Any CPU
		{5ADA6F6F-EAAB-44A6-842A-AF70170146BF}.Debug|Any CPU.Build.0 = Debug|Any CPU
		{5ADA6F6F-EAAB-44A6-842A-AF70170146BF}.Release|Any CPU.ActiveCfg = Release|Any CPU
		{5ADA6F6F-EAAB-44A6-842A-AF70170146BF}.Release|Any CPU.Build.0 = Release|Any CPU
		{7A1C01DE-BD33-4792-B2C3-61B1EF4320B4}.Debug|Any CPU.ActiveCfg = Debug|Any CPU
		{7A1C01DE-BD33-4792-B2C3-61B1EF4320B4}.Debug|Any CPU.Build.0 = Debug|Any CPU
		{7A1C01DE-BD33-4792-B2C3-61B1EF4320B4}.Release|Any CPU.ActiveCfg = Release|Any CPU
		{7A1C01DE-BD33-4792-B2C3-61B1EF4320B4}.Release|Any CPU.Build.0 = Release|Any CPU
		{1F936B24-538A-4FA9-A3B7-A73BF8B09469}.Debug|Any CPU.ActiveCfg = Debug|Any CPU
		{1F936B24-538A-4FA9-A3B7-A73BF8B09469}.Debug|Any CPU.Build.0 = Debug|Any CPU
		{1F936B24-538A-4FA9-A3B7-A73BF8B09469}.Release|Any CPU.ActiveCfg = Release|Any CPU
		{1F936B24-538A-4FA9-A3B7-A73BF8B09469}.Release|Any CPU.Build.0 = Release|Any CPU
	EndGlobalSection
	GlobalSection(SolutionProperties) = preSolution
		HideSolutionNode = FALSE
	EndGlobalSection
	GlobalSection(ExtensibilityGlobals) = postSolution
		SolutionGuid = {C76BCC45-D7E5-4593-8951-3F0579B243A4}
	EndGlobalSection
EndGlobal
