
Microsoft Visual Studio Solution File, Format Version 12.00
# Visual Studio Version 17
VisualStudioVersion = 17.5.33502.453
MinimumVisualStudioVersion = 10.0.40219.1
Project("{FAE04EC0-301F-11D3-BF4B-00C04F79EFBC}") = "WebDeployment", "WebDeployment.csproj", "{217EF623-9D8F-43E0-8B5F-7110AF5CB859}"
EndProject
Project("{FAE04EC0-301F-11D3-BF4B-00C04F79EFBC}") = "ClassLibrary3", "..\ClassLibrary3\ClassLibrary3.csproj", "{0DCABD68-F724-4FC7-AF78-AB4B6741E133}"
EndProject
Global
	GlobalSection(SolutionConfigurationPlatforms) = preSolution
		Debug|Any CPU = Debug|Any CPU
		Release|Any CPU = Release|Any CPU
	EndGlobalSection
	GlobalSection(ProjectConfigurationPlatforms) = postSolution
		{217EF623-9D8F-43E0-8B5F-7110AF5CB859}.Debug|Any CPU.ActiveCfg = Debug|Any CPU
		{217EF623-9D8F-43E0-8B5F-7110AF5CB859}.Debug|Any CPU.Build.0 = Debug|Any CPU
		{217EF623-9D8F-43E0-8B5F-7110AF5CB859}.Release|Any CPU.ActiveCfg = Release|Any CPU
		{217EF623-9D8F-43E0-8B5F-7110AF5CB859}.Release|Any CPU.Build.0 = Release|Any CPU
		{0DCABD68-F724-4FC7-AF78-AB4B6741E133}.Debug|Any CPU.ActiveCfg = Debug|Any CPU
		{0DCABD68-F724-4FC7-AF78-AB4B6741E133}.Debug|Any CPU.Build.0 = Debug|Any CPU
		{0DCABD68-F724-4FC7-AF78-AB4B6741E133}.Release|Any CPU.ActiveCfg = Release|Any CPU
		{0DCABD68-F724-4FC7-AF78-AB4B6741E133}.Release|Any CPU.Build.0 = Release|Any CPU
	EndGlobalSection
	GlobalSection(SolutionProperties) = preSolution
		HideSolutionNode = FALSE
	EndGlobalSection
	GlobalSection(ExtensibilityGlobals) = postSolution
		SolutionGuid = {C12EB345-750C-4D85-A873-68A347FF9538}
	EndGlobalSection
EndGlobal
