
Microsoft Visual Studio Solution File, Format Version 12.00
# Visual Studio Version 17
VisualStudioVersion = 17.5.33502.453
MinimumVisualStudioVersion = 10.0.40219.1
Project("{FAE04EC0-301F-11D3-BF4B-00C04F79EFBC}") = "WebApplication5", "WebApplication5.csproj", "{6B8A1F90-BD5A-42D1-B31F-954C507B6D6F}"
EndProject
Global
	GlobalSection(SolutionConfigurationPlatforms) = preSolution
		Debug|Any CPU = Debug|Any CPU
		Release|Any CPU = Release|Any CPU
	EndGlobalSection
	GlobalSection(ProjectConfigurationPlatforms) = postSolution
		{6B8A1F90-BD5A-42D1-B31F-954C507B6D6F}.Debug|Any CPU.ActiveCfg = Debug|Any CPU
		{6B8A1F90-BD5A-42D1-B31F-954C507B6D6F}.Debug|Any CPU.Build.0 = Debug|Any CPU
		{6B8A1F90-BD5A-42D1-B31F-954C507B6D6F}.Release|Any CPU.ActiveCfg = Release|Any CPU
		{6B8A1F90-BD5A-42D1-B31F-954C507B6D6F}.Release|Any CPU.Build.0 = Release|Any CPU
	EndGlobalSection
	GlobalSection(SolutionProperties) = preSolution
		HideSolutionNode = FALSE
	EndGlobalSection
	GlobalSection(ExtensibilityGlobals) = postSolution
		SolutionGuid = {8873BC35-4C5D-45D3-998B-933013B1DA6A}
	EndGlobalSection
EndGlobal
